
Microsoft Visual Studio Solution File, Format Version 12.00
# Visual Studio Version 16
VisualStudioVersion = 16.0.29424.173
MinimumVisualStudioVersion = 10.0.40219.1
Project("{888888A0-9F3D-457C-B088-3A5042F75D52}") = "2019.12.3", "2019.12.3.pyproj", "{809872EA-F588-41E4-B55A-A01FAC25AC4F}"
EndProject
Global
	GlobalSection(SolutionConfigurationPlatforms) = preSolution
		Debug|Any CPU = Debug|Any CPU
		Release|Any CPU = Release|Any CPU
	EndGlobalSection
	GlobalSection(ProjectConfigurationPlatforms) = postSolution
		{809872EA-F588-41E4-B55A-A01FAC25AC4F}.Debug|Any CPU.ActiveCfg = Debug|Any CPU
		{809872EA-F588-41E4-B55A-A01FAC25AC4F}.Release|Any CPU.ActiveCfg = Release|Any CPU
	EndGlobalSection
	GlobalSection(SolutionProperties) = preSolution
		HideSolutionNode = FALSE
	EndGlobalSection
	GlobalSection(ExtensibilityGlobals) = postSolution
		SolutionGuid = {DA68DB18-5E3F-47D4-B601-A6DA783622D1}
	EndGlobalSection
EndGlobal
